// !$*UTF8*$!
{
	archiveVersion = 1;
	classes = {
	};
	objectVersion = 56;
	objects = {

/* Begin PBXBuildFile section */
		D87338102A861DAE00BE6F6A /* AppDelegate.swift in Sources */ = {isa = PBXBuildFile; fileRef = D873380F2A861DAE00BE6F6A /* AppDelegate.swift */; };
		D87338122A861DAE00BE6F6A /* SceneDelegate.swift in Sources */ = {isa = PBXBuildFile; fileRef = D87338112A861DAE00BE6F6A /* SceneDelegate.swift */; };
		D87338142A861DAE00BE6F6A /* MediaViewController.swift in Sources */ = {isa = PBXBuildFile; fileRef = D87338132A861DAE00BE6F6A /* MediaViewController.swift */; };
		D87338172A861DAE00BE6F6A /* Main.storyboard in Resources */ = {isa = PBXBuildFile; fileRef = D87338152A861DAE00BE6F6A /* Main.storyboard */; };
		D87338192A861DB000BE6F6A /* Assets.xcassets in Resources */ = {isa = PBXBuildFile; fileRef = D87338182A861DB000BE6F6A /* Assets.xcassets */; };
		D873381C2A861DB000BE6F6A /* LaunchScreen.storyboard in Resources */ = {isa = PBXBuildFile; fileRef = D873381A2A861DB000BE6F6A /* LaunchScreen.storyboard */; };
		D87338252A861DF700BE6F6A /* .gitignore in Resources */ = {isa = PBXBuildFile; fileRef = D87338242A861DF700BE6F6A /* .gitignore */; };
		D87338272A861E0900BE6F6A /* APIKey.swift in Sources */ = {isa = PBXBuildFile; fileRef = D87338262A861E0900BE6F6A /* APIKey.swift */; };
		D87338292A861FDD00BE6F6A /* TMDBAPIManager.swift in Sources */ = {isa = PBXBuildFile; fileRef = D87338282A861FDD00BE6F6A /* TMDBAPIManager.swift */; };
		D873382B2A86206100BE6F6A /* URL+Extension.swift in Sources */ = {isa = PBXBuildFile; fileRef = D873382A2A86206100BE6F6A /* URL+Extension.swift */; };
		D873382D2A8620A500BE6F6A /* Endpoint.swift in Sources */ = {isa = PBXBuildFile; fileRef = D873382C2A8620A500BE6F6A /* Endpoint.swift */; };
		D87338302A8622BE00BE6F6A /* ReusableViewProtocol.swift in Sources */ = {isa = PBXBuildFile; fileRef = D873382F2A8622BE00BE6F6A /* ReusableViewProtocol.swift */; };
		D87338332A86262F00BE6F6A /* MediaCollectionViewCell.swift in Sources */ = {isa = PBXBuildFile; fileRef = D87338312A86262F00BE6F6A /* MediaCollectionViewCell.swift */; };
		D87338342A86262F00BE6F6A /* MediaCollectionViewCell.xib in Resources */ = {isa = PBXBuildFile; fileRef = D87338322A86262F00BE6F6A /* MediaCollectionViewCell.xib */; };
		D87338382A862C3D00BE6F6A /* MediaDetailViewController.swift in Sources */ = {isa = PBXBuildFile; fileRef = D87338372A862C3D00BE6F6A /* MediaDetailViewController.swift */; };
		D873383B2A862DD700BE6F6A /* MediaDetailTableViewCell.swift in Sources */ = {isa = PBXBuildFile; fileRef = D87338392A862DD700BE6F6A /* MediaDetailTableViewCell.swift */; };
		D873383C2A862DD700BE6F6A /* MediaDetailTableViewCell.xib in Resources */ = {isa = PBXBuildFile; fileRef = D873383A2A862DD700BE6F6A /* MediaDetailTableViewCell.xib */; };
		D873383E2A87D21900BE6F6A /* MyListViewController.swift in Sources */ = {isa = PBXBuildFile; fileRef = D873383D2A87D21900BE6F6A /* MyListViewController.swift */; };
		D87338412A87E3B600BE6F6A /* Alamofire in Frameworks */ = {isa = PBXBuildFile; productRef = D87338402A87E3B600BE6F6A /* Alamofire */; };
		D87338442A87E3C000BE6F6A /* SwiftyJSON in Frameworks */ = {isa = PBXBuildFile; productRef = D87338432A87E3C000BE6F6A /* SwiftyJSON */; };
		D87338472A87E3CB00BE6F6A /* Kingfisher in Frameworks */ = {isa = PBXBuildFile; productRef = D87338462A87E3CB00BE6F6A /* Kingfisher */; };
		D873384C2A88DADD00BE6F6A /* MediaOverViewTableViewCell.swift in Sources */ = {isa = PBXBuildFile; fileRef = D873384A2A88DADD00BE6F6A /* MediaOverViewTableViewCell.swift */; };
		D873384D2A88DADD00BE6F6A /* MediaOverViewTableViewCell.xib in Resources */ = {isa = PBXBuildFile; fileRef = D873384B2A88DADD00BE6F6A /* MediaOverViewTableViewCell.xib */; };
		D8A5D01A2A8C886C008329BE /* CordableData.swift in Sources */ = {isa = PBXBuildFile; fileRef = D8A5D0192A8C886C008329BE /* CordableData.swift */; };
		D8E3B01D2A9A616600717539 /* IntroViewController.swift in Sources */ = {isa = PBXBuildFile; fileRef = D8E3B01C2A9A616600717539 /* IntroViewController.swift */; };
		D8E3B0282A9A6C7200717539 /* SnapKit in Frameworks */ = {isa = PBXBuildFile; productRef = D8E3B0272A9A6C7200717539 /* SnapKit */; };
		D8E3B0612A9CD83700717539 /* BaseViewController.swift in Sources */ = {isa = PBXBuildFile; fileRef = D8E3B0602A9CD83700717539 /* BaseViewController.swift */; };
		D8E3B0C72A9DCFE100717539 /* ProfileViewController.swift in Sources */ = {isa = PBXBuildFile; fileRef = D8E3B0C62A9DCFE100717539 /* ProfileViewController.swift */; };
		D8E3B0C92A9DE16100717539 /* ProfileTableViewCell.swift in Sources */ = {isa = PBXBuildFile; fileRef = D8E3B0C82A9DE16100717539 /* ProfileTableViewCell.swift */; };
		D8E3B0CC2A9DF44F00717539 /* SettingProfileViewController.swift in Sources */ = {isa = PBXBuildFile; fileRef = D8E3B0CB2A9DF44F00717539 /* SettingProfileViewController.swift */; };
/* End PBXBuildFile section */

/* Begin PBXFileReference section */
		D873380C2A861DAE00BE6F6A /* Media.app */ = {isa = PBXFileReference; explicitFileType = wrapper.application; includeInIndex = 0; path = Media.app; sourceTree = BUILT_PRODUCTS_DIR; };
		D873380F2A861DAE00BE6F6A /* AppDelegate.swift */ = {isa = PBXFileReference; lastKnownFileType = sourcecode.swift; path = AppDelegate.swift; sourceTree = "<group>"; };
		D87338112A861DAE00BE6F6A /* SceneDelegate.swift */ = {isa = PBXFileReference; lastKnownFileType = sourcecode.swift; path = SceneDelegate.swift; sourceTree = "<group>"; };
		D87338132A861DAE00BE6F6A /* MediaViewController.swift */ = {isa = PBXFileReference; lastKnownFileType = sourcecode.swift; path = MediaViewController.swift; sourceTree = "<group>"; };
		D87338162A861DAE00BE6F6A /* Base */ = {isa = PBXFileReference; lastKnownFileType = file.storyboard; name = Base; path = Base.lproj/Main.storyboard; sourceTree = "<group>"; };
		D87338182A861DB000BE6F6A /* Assets.xcassets */ = {isa = PBXFileReference; lastKnownFileType = folder.assetcatalog; path = Assets.xcassets; sourceTree = "<group>"; };
		D873381B2A861DB000BE6F6A /* Base */ = {isa = PBXFileReference; lastKnownFileType = file.storyboard; name = Base; path = Base.lproj/LaunchScreen.storyboard; sourceTree = "<group>"; };
		D873381D2A861DB000BE6F6A /* Info.plist */ = {isa = PBXFileReference; lastKnownFileType = text.plist.xml; path = Info.plist; sourceTree = "<group>"; };
		D87338242A861DF700BE6F6A /* .gitignore */ = {isa = PBXFileReference; lastKnownFileType = text; path = .gitignore; sourceTree = "<group>"; };
		D87338262A861E0900BE6F6A /* APIKey.swift */ = {isa = PBXFileReference; lastKnownFileType = sourcecode.swift; path = APIKey.swift; sourceTree = "<group>"; };
		D87338282A861FDD00BE6F6A /* TMDBAPIManager.swift */ = {isa = PBXFileReference; lastKnownFileType = sourcecode.swift; name = TMDBAPIManager.swift; path = Media/TMDBAPIManager.swift; sourceTree = SOURCE_ROOT; };
		D873382A2A86206100BE6F6A /* URL+Extension.swift */ = {isa = PBXFileReference; lastKnownFileType = sourcecode.swift; path = "URL+Extension.swift"; sourceTree = "<group>"; };
		D873382C2A8620A500BE6F6A /* Endpoint.swift */ = {isa = PBXFileReference; lastKnownFileType = sourcecode.swift; path = Endpoint.swift; sourceTree = "<group>"; };
		D873382F2A8622BE00BE6F6A /* ReusableViewProtocol.swift */ = {isa = PBXFileReference; lastKnownFileType = sourcecode.swift; path = ReusableViewProtocol.swift; sourceTree = "<group>"; };
		D87338312A86262F00BE6F6A /* MediaCollectionViewCell.swift */ = {isa = PBXFileReference; lastKnownFileType = sourcecode.swift; path = MediaCollectionViewCell.swift; sourceTree = "<group>"; };
		D87338322A86262F00BE6F6A /* MediaCollectionViewCell.xib */ = {isa = PBXFileReference; lastKnownFileType = file.xib; path = MediaCollectionViewCell.xib; sourceTree = "<group>"; };
		D87338372A862C3D00BE6F6A /* MediaDetailViewController.swift */ = {isa = PBXFileReference; lastKnownFileType = sourcecode.swift; name = MediaDetailViewController.swift; path = Media/Cells/MediaDetailViewController.swift; sourceTree = SOURCE_ROOT; };
		D87338392A862DD700BE6F6A /* MediaDetailTableViewCell.swift */ = {isa = PBXFileReference; lastKnownFileType = sourcecode.swift; name = MediaDetailTableViewCell.swift; path = Media/MediaDetailTableViewCell.swift; sourceTree = SOURCE_ROOT; };
		D873383A2A862DD700BE6F6A /* MediaDetailTableViewCell.xib */ = {isa = PBXFileReference; lastKnownFileType = file.xib; name = MediaDetailTableViewCell.xib; path = Media/MediaDetailTableViewCell.xib; sourceTree = SOURCE_ROOT; };
		D873383D2A87D21900BE6F6A /* MyListViewController.swift */ = {isa = PBXFileReference; lastKnownFileType = sourcecode.swift; name = MyListViewController.swift; path = Media/MyListViewController.swift; sourceTree = SOURCE_ROOT; };
		D873384A2A88DADD00BE6F6A /* MediaOverViewTableViewCell.swift */ = {isa = PBXFileReference; lastKnownFileType = sourcecode.swift; path = MediaOverViewTableViewCell.swift; sourceTree = SOURCE_ROOT; };
		D873384B2A88DADD00BE6F6A /* MediaOverViewTableViewCell.xib */ = {isa = PBXFileReference; lastKnownFileType = file.xib; path = MediaOverViewTableViewCell.xib; sourceTree = SOURCE_ROOT; };
		D8A5D0192A8C886C008329BE /* CordableData.swift */ = {isa = PBXFileReference; lastKnownFileType = sourcecode.swift; path = CordableData.swift; sourceTree = SOURCE_ROOT; };
		D8E3B01C2A9A616600717539 /* IntroViewController.swift */ = {isa = PBXFileReference; lastKnownFileType = sourcecode.swift; path = IntroViewController.swift; sourceTree = "<group>"; };
		D8E3B0602A9CD83700717539 /* BaseViewController.swift */ = {isa = PBXFileReference; lastKnownFileType = sourcecode.swift; path = BaseViewController.swift; sourceTree = "<group>"; };
		D8E3B0C62A9DCFE100717539 /* ProfileViewController.swift */ = {isa = PBXFileReference; lastKnownFileType = sourcecode.swift; path = ProfileViewController.swift; sourceTree = "<group>"; };
		D8E3B0C82A9DE16100717539 /* ProfileTableViewCell.swift */ = {isa = PBXFileReference; lastKnownFileType = sourcecode.swift; path = ProfileTableViewCell.swift; sourceTree = "<group>"; };
		D8E3B0CB2A9DF44F00717539 /* SettingProfileViewController.swift */ = {isa = PBXFileReference; lastKnownFileType = sourcecode.swift; path = SettingProfileViewController.swift; sourceTree = "<group>"; };
/* End PBXFileReference section */

/* Begin PBXFrameworksBuildPhase section */
		D87338092A861DAE00BE6F6A /* Frameworks */ = {
			isa = PBXFrameworksBuildPhase;
			buildActionMask = 2147483647;
			files = (
				D87338472A87E3CB00BE6F6A /* Kingfisher in Frameworks */,
				D8E3B0282A9A6C7200717539 /* SnapKit in Frameworks */,
				D87338442A87E3C000BE6F6A /* SwiftyJSON in Frameworks */,
				D87338412A87E3B600BE6F6A /* Alamofire in Frameworks */,
			);
			runOnlyForDeploymentPostprocessing = 0;
		};
/* End PBXFrameworksBuildPhase section */

/* Begin PBXGroup section */
		D87338032A861DAE00BE6F6A = {
			isa = PBXGroup;
			children = (
				D873380E2A861DAE00BE6F6A /* Media */,
				D873380D2A861DAE00BE6F6A /* Products */,
			);
			sourceTree = "<group>";
		};
		D873380D2A861DAE00BE6F6A /* Products */ = {
			isa = PBXGroup;
			children = (
				D873380C2A861DAE00BE6F6A /* Media.app */,
			);
			name = Products;
			sourceTree = "<group>";
		};
		D873380E2A861DAE00BE6F6A /* Media */ = {
			isa = PBXGroup;
			children = (
				D8E3B0CA2A9DF40700717539 /* Profile */,
				D8E3B05F2A9CD7A200717539 /* Base */,
				D8E3B0252A9A649000717539 /* Extension */,
				D8E3B01E2A9A63D000717539 /* IntroViewController */,
				D87338362A8627F400BE6F6A /* Protocol */,
				D87338352A86263700BE6F6A /* Cells */,
				D873382E2A86211500BE6F6A /* ViewController */,
				D87338232A861DE600BE6F6A /* Data */,
				D873380F2A861DAE00BE6F6A /* AppDelegate.swift */,
				D87338112A861DAE00BE6F6A /* SceneDelegate.swift */,
				D87338152A861DAE00BE6F6A /* Main.storyboard */,
				D87338182A861DB000BE6F6A /* Assets.xcassets */,
				D873381A2A861DB000BE6F6A /* LaunchScreen.storyboard */,
				D873381D2A861DB000BE6F6A /* Info.plist */,
			);
			path = Media;
			sourceTree = "<group>";
		};
		D87338232A861DE600BE6F6A /* Data */ = {
			isa = PBXGroup;
			children = (
				D8A5D0192A8C886C008329BE /* CordableData.swift */,
				D87338282A861FDD00BE6F6A /* TMDBAPIManager.swift */,
				D873382C2A8620A500BE6F6A /* Endpoint.swift */,
				D87338242A861DF700BE6F6A /* .gitignore */,
				D87338262A861E0900BE6F6A /* APIKey.swift */,
			);
			path = Data;
			sourceTree = "<group>";
		};
		D873382E2A86211500BE6F6A /* ViewController */ = {
			isa = PBXGroup;
			children = (
				D873383D2A87D21900BE6F6A /* MyListViewController.swift */,
				D87338372A862C3D00BE6F6A /* MediaDetailViewController.swift */,
				D87338132A861DAE00BE6F6A /* MediaViewController.swift */,
			);
			path = ViewController;
			sourceTree = "<group>";
		};
		D87338352A86263700BE6F6A /* Cells */ = {
			isa = PBXGroup;
			children = (
				D873384A2A88DADD00BE6F6A /* MediaOverViewTableViewCell.swift */,
				D873384B2A88DADD00BE6F6A /* MediaOverViewTableViewCell.xib */,
				D87338392A862DD700BE6F6A /* MediaDetailTableViewCell.swift */,
				D873383A2A862DD700BE6F6A /* MediaDetailTableViewCell.xib */,
				D87338312A86262F00BE6F6A /* MediaCollectionViewCell.swift */,
				D87338322A86262F00BE6F6A /* MediaCollectionViewCell.xib */,
			);
			path = Cells;
			sourceTree = "<group>";
		};
		D87338362A8627F400BE6F6A /* Protocol */ = {
			isa = PBXGroup;
			children = (
				D873382F2A8622BE00BE6F6A /* ReusableViewProtocol.swift */,
			);
			path = Protocol;
			sourceTree = "<group>";
		};
		D8E3B01E2A9A63D000717539 /* IntroViewController */ = {
			isa = PBXGroup;
			children = (
				D8E3B01C2A9A616600717539 /* IntroViewController.swift */,
			);
			path = IntroViewController;
			sourceTree = "<group>";
		};
		D8E3B0252A9A649000717539 /* Extension */ = {
			isa = PBXGroup;
			children = (
				D873382A2A86206100BE6F6A /* URL+Extension.swift */,
			);
			path = Extension;
			sourceTree = "<group>";
		};
		D8E3B05F2A9CD7A200717539 /* Base */ = {
			isa = PBXGroup;
			children = (
				D8E3B0602A9CD83700717539 /* BaseViewController.swift */,
			);
			path = Base;
			sourceTree = "<group>";
		};
		D8E3B0CA2A9DF40700717539 /* Profile */ = {
			isa = PBXGroup;
			children = (
				D8E3B0C62A9DCFE100717539 /* ProfileViewController.swift */,
				D8E3B0C82A9DE16100717539 /* ProfileTableViewCell.swift */,
				D8E3B0CB2A9DF44F00717539 /* SettingProfileViewController.swift */,
			);
			path = Profile;
			sourceTree = "<group>";
		};
/* End PBXGroup section */

/* Begin PBXNativeTarget section */
		D873380B2A861DAE00BE6F6A /* Media */ = {
			isa = PBXNativeTarget;
			buildConfigurationList = D87338202A861DB000BE6F6A /* Build configuration list for PBXNativeTarget "Media" */;
			buildPhases = (
				D87338082A861DAE00BE6F6A /* Sources */,
				D87338092A861DAE00BE6F6A /* Frameworks */,
				D873380A2A861DAE00BE6F6A /* Resources */,
			);
			buildRules = (
			);
			dependencies = (
			);
			name = Media;
			packageProductDependencies = (
				D87338402A87E3B600BE6F6A /* Alamofire */,
				D87338432A87E3C000BE6F6A /* SwiftyJSON */,
				D87338462A87E3CB00BE6F6A /* Kingfisher */,
				D8E3B0272A9A6C7200717539 /* SnapKit */,
			);
			productName = Media;
			productReference = D873380C2A861DAE00BE6F6A /* Media.app */;
			productType = "com.apple.product-type.application";
		};
/* End PBXNativeTarget section */

/* Begin PBXProject section */
		D87338042A861DAE00BE6F6A /* Project object */ = {
			isa = PBXProject;
			attributes = {
				BuildIndependentTargetsInParallel = 1;
				LastSwiftUpdateCheck = 1430;
				LastUpgradeCheck = 1430;
				TargetAttributes = {
					D873380B2A861DAE00BE6F6A = {
						CreatedOnToolsVersion = 14.3.1;
					};
				};
			};
			buildConfigurationList = D87338072A861DAE00BE6F6A /* Build configuration list for PBXProject "Media" */;
			compatibilityVersion = "Xcode 14.0";
			developmentRegion = en;
			hasScannedForEncodings = 0;
			knownRegions = (
				en,
				Base,
			);
			mainGroup = D87338032A861DAE00BE6F6A;
			packageReferences = (
				D873383F2A87E3B600BE6F6A /* XCRemoteSwiftPackageReference "Alamofire" */,
				D87338422A87E3C000BE6F6A /* XCRemoteSwiftPackageReference "SwiftyJSON" */,
				D87338452A87E3CB00BE6F6A /* XCRemoteSwiftPackageReference "Kingfisher" */,
				D8E3B0262A9A6C7200717539 /* XCRemoteSwiftPackageReference "SnapKit" */,
			);
			productRefGroup = D873380D2A861DAE00BE6F6A /* Products */;
			projectDirPath = "";
			projectRoot = "";
			targets = (
				D873380B2A861DAE00BE6F6A /* Media */,
			);
		};
/* End PBXProject section */

/* Begin PBXResourcesBuildPhase section */
		D873380A2A861DAE00BE6F6A /* Resources */ = {
			isa = PBXResourcesBuildPhase;
			buildActionMask = 2147483647;
			files = (
				D87338252A861DF700BE6F6A /* .gitignore in Resources */,
				D87338342A86262F00BE6F6A /* MediaCollectionViewCell.xib in Resources */,
				D873381C2A861DB000BE6F6A /* LaunchScreen.storyboard in Resources */,
				D87338192A861DB000BE6F6A /* Assets.xcassets in Resources */,
				D873383C2A862DD700BE6F6A /* MediaDetailTableViewCell.xib in Resources */,
				D873384D2A88DADD00BE6F6A /* MediaOverViewTableViewCell.xib in Resources */,
				D87338172A861DAE00BE6F6A /* Main.storyboard in Resources */,
			);
			runOnlyForDeploymentPostprocessing = 0;
		};
/* End PBXResourcesBuildPhase section */

/* Begin PBXSourcesBuildPhase section */
		D87338082A861DAE00BE6F6A /* Sources */ = {
			isa = PBXSourcesBuildPhase;
			buildActionMask = 2147483647;
			files = (
				D8E3B01D2A9A616600717539 /* IntroViewController.swift in Sources */,
				D873382D2A8620A500BE6F6A /* Endpoint.swift in Sources */,
				D87338332A86262F00BE6F6A /* MediaCollectionViewCell.swift in Sources */,
				D8E3B0C92A9DE16100717539 /* ProfileTableViewCell.swift in Sources */,
				D87338142A861DAE00BE6F6A /* MediaViewController.swift in Sources */,
				D87338102A861DAE00BE6F6A /* AppDelegate.swift in Sources */,
				D87338272A861E0900BE6F6A /* APIKey.swift in Sources */,
				D87338292A861FDD00BE6F6A /* TMDBAPIManager.swift in Sources */,
				D8E3B0C72A9DCFE100717539 /* ProfileViewController.swift in Sources */,
				D8A5D01A2A8C886C008329BE /* CordableData.swift in Sources */,
				D873384C2A88DADD00BE6F6A /* MediaOverViewTableViewCell.swift in Sources */,
				D873383E2A87D21900BE6F6A /* MyListViewController.swift in Sources */,
				D87338302A8622BE00BE6F6A /* ReusableViewProtocol.swift in Sources */,
				D87338382A862C3D00BE6F6A /* MediaDetailViewController.swift in Sources */,
				D87338122A861DAE00BE6F6A /* SceneDelegate.swift in Sources */,
				D8E3B0612A9CD83700717539 /* BaseViewController.swift in Sources */,
				D8E3B0CC2A9DF44F00717539 /* SettingProfileViewController.swift in Sources */,
				D873382B2A86206100BE6F6A /* URL+Extension.swift in Sources */,
				D873383B2A862DD700BE6F6A /* MediaDetailTableViewCell.swift in Sources */,
			);
			runOnlyForDeploymentPostprocessing = 0;
		};
/* End PBXSourcesBuildPhase section */

/* Begin PBXVariantGroup section */
		D87338152A861DAE00BE6F6A /* Main.storyboard */ = {
			isa = PBXVariantGroup;
			children = (
				D87338162A861DAE00BE6F6A /* Base */,
			);
			name = Main.storyboard;
			sourceTree = "<group>";
		};
		D873381A2A861DB000BE6F6A /* LaunchScreen.storyboard */ = {
			isa = PBXVariantGroup;
			children = (
				D873381B2A861DB000BE6F6A /* Base */,
			);
			name = LaunchScreen.storyboard;
			sourceTree = "<group>";
		};
/* End PBXVariantGroup section */

/* Begin XCBuildConfiguration section */
		D873381E2A861DB000BE6F6A /* Debug */ = {
			isa = XCBuildConfiguration;
			buildSettings = {
				ALWAYS_SEARCH_USER_PATHS = NO;
				CLANG_ANALYZER_NONNULL = YES;
				CLANG_ANALYZER_NUMBER_OBJECT_CONVERSION = YES_AGGRESSIVE;
				CLANG_CXX_LANGUAGE_STANDARD = "gnu++20";
				CLANG_ENABLE_MODULES = YES;
				CLANG_ENABLE_OBJC_ARC = YES;
				CLANG_ENABLE_OBJC_WEAK = YES;
				CLANG_WARN_BLOCK_CAPTURE_AUTORELEASING = YES;
				CLANG_WARN_BOOL_CONVERSION = YES;
				CLANG_WARN_COMMA = YES;
				CLANG_WARN_CONSTANT_CONVERSION = YES;
				CLANG_WARN_DEPRECATED_OBJC_IMPLEMENTATIONS = YES;
				CLANG_WARN_DIRECT_OBJC_ISA_USAGE = YES_ERROR;
				CLANG_WARN_DOCUMENTATION_COMMENTS = YES;
				CLANG_WARN_EMPTY_BODY = YES;
				CLANG_WARN_ENUM_CONVERSION = YES;
				CLANG_WARN_INFINITE_RECURSION = YES;
				CLANG_WARN_INT_CONVERSION = YES;
				CLANG_WARN_NON_LITERAL_NULL_CONVERSION = YES;
				CLANG_WARN_OBJC_IMPLICIT_RETAIN_SELF = YES;
				CLANG_WARN_OBJC_LITERAL_CONVERSION = YES;
				CLANG_WARN_OBJC_ROOT_CLASS = YES_ERROR;
				CLANG_WARN_QUOTED_INCLUDE_IN_FRAMEWORK_HEADER = YES;
				CLANG_WARN_RANGE_LOOP_ANALYSIS = YES;
				CLANG_WARN_STRICT_PROTOTYPES = YES;
				CLANG_WARN_SUSPICIOUS_MOVE = YES;
				CLANG_WARN_UNGUARDED_AVAILABILITY = YES_AGGRESSIVE;
				CLANG_WARN_UNREACHABLE_CODE = YES;
				CLANG_WARN__DUPLICATE_METHOD_MATCH = YES;
				COPY_PHASE_STRIP = NO;
				DEBUG_INFORMATION_FORMAT = dwarf;
				ENABLE_STRICT_OBJC_MSGSEND = YES;
				ENABLE_TESTABILITY = YES;
				GCC_C_LANGUAGE_STANDARD = gnu11;
				GCC_DYNAMIC_NO_PIC = NO;
				GCC_NO_COMMON_BLOCKS = YES;
				GCC_OPTIMIZATION_LEVEL = 0;
				GCC_PREPROCESSOR_DEFINITIONS = (
					"DEBUG=1",
					"$(inherited)",
				);
				GCC_WARN_64_TO_32_BIT_CONVERSION = YES;
				GCC_WARN_ABOUT_RETURN_TYPE = YES_ERROR;
				GCC_WARN_UNDECLARED_SELECTOR = YES;
				GCC_WARN_UNINITIALIZED_AUTOS = YES_AGGRESSIVE;
				GCC_WARN_UNUSED_FUNCTION = YES;
				GCC_WARN_UNUSED_VARIABLE = YES;
				IPHONEOS_DEPLOYMENT_TARGET = 16.4;
				MTL_ENABLE_DEBUG_INFO = INCLUDE_SOURCE;
				MTL_FAST_MATH = YES;
				ONLY_ACTIVE_ARCH = YES;
				SDKROOT = iphoneos;
				SWIFT_ACTIVE_COMPILATION_CONDITIONS = DEBUG;
				SWIFT_OPTIMIZATION_LEVEL = "-Onone";
			};
			name = Debug;
		};
		D873381F2A861DB000BE6F6A /* Release */ = {
			isa = XCBuildConfiguration;
			buildSettings = {
				ALWAYS_SEARCH_USER_PATHS = NO;
				CLANG_ANALYZER_NONNULL = YES;
				CLANG_ANALYZER_NUMBER_OBJECT_CONVERSION = YES_AGGRESSIVE;
				CLANG_CXX_LANGUAGE_STANDARD = "gnu++20";
				CLANG_ENABLE_MODULES = YES;
				CLANG_ENABLE_OBJC_ARC = YES;
				CLANG_ENABLE_OBJC_WEAK = YES;
				CLANG_WARN_BLOCK_CAPTURE_AUTORELEASING = YES;
				CLANG_WARN_BOOL_CONVERSION = YES;
				CLANG_WARN_COMMA = YES;
				CLANG_WARN_CONSTANT_CONVERSION = YES;
				CLANG_WARN_DEPRECATED_OBJC_IMPLEMENTATIONS = YES;
				CLANG_WARN_DIRECT_OBJC_ISA_USAGE = YES_ERROR;
				CLANG_WARN_DOCUMENTATION_COMMENTS = YES;
				CLANG_WARN_EMPTY_BODY = YES;
				CLANG_WARN_ENUM_CONVERSION = YES;
				CLANG_WARN_INFINITE_RECURSION = YES;
				CLANG_WARN_INT_CONVERSION = YES;
				CLANG_WARN_NON_LITERAL_NULL_CONVERSION = YES;
				CLANG_WARN_OBJC_IMPLICIT_RETAIN_SELF = YES;
				CLANG_WARN_OBJC_LITERAL_CONVERSION = YES;
				CLANG_WARN_OBJC_ROOT_CLASS = YES_ERROR;
				CLANG_WARN_QUOTED_INCLUDE_IN_FRAMEWORK_HEADER = YES;
				CLANG_WARN_RANGE_LOOP_ANALYSIS = YES;
				CLANG_WARN_STRICT_PROTOTYPES = YES;
				CLANG_WARN_SUSPICIOUS_MOVE = YES;
				CLANG_WARN_UNGUARDED_AVAILABILITY = YES_AGGRESSIVE;
				CLANG_WARN_UNREACHABLE_CODE = YES;
				CLANG_WARN__DUPLICATE_METHOD_MATCH = YES;
				COPY_PHASE_STRIP = NO;
				DEBUG_INFORMATION_FORMAT = "dwarf-with-dsym";
				ENABLE_NS_ASSERTIONS = NO;
				ENABLE_STRICT_OBJC_MSGSEND = YES;
				GCC_C_LANGUAGE_STANDARD = gnu11;
				GCC_NO_COMMON_BLOCKS = YES;
				GCC_WARN_64_TO_32_BIT_CONVERSION = YES;
				GCC_WARN_ABOUT_RETURN_TYPE = YES_ERROR;
				GCC_WARN_UNDECLARED_SELECTOR = YES;
				GCC_WARN_UNINITIALIZED_AUTOS = YES_AGGRESSIVE;
				GCC_WARN_UNUSED_FUNCTION = YES;
				GCC_WARN_UNUSED_VARIABLE = YES;
				IPHONEOS_DEPLOYMENT_TARGET = 16.4;
				MTL_ENABLE_DEBUG_INFO = NO;
				MTL_FAST_MATH = YES;
				SDKROOT = iphoneos;
				SWIFT_COMPILATION_MODE = wholemodule;
				SWIFT_OPTIMIZATION_LEVEL = "-O";
				VALIDATE_PRODUCT = YES;
			};
			name = Release;
		};
		D87338212A861DB000BE6F6A /* Debug */ = {
			isa = XCBuildConfiguration;
			buildSettings = {
				ASSETCATALOG_COMPILER_APPICON_NAME = AppIcon;
				ASSETCATALOG_COMPILER_GLOBAL_ACCENT_COLOR_NAME = AccentColor;
				CODE_SIGN_STYLE = Automatic;
				CURRENT_PROJECT_VERSION = 1;
				DEVELOPMENT_TEAM = AM9D6522QR;
				GENERATE_INFOPLIST_FILE = YES;
				INFOPLIST_FILE = Media/Info.plist;
				INFOPLIST_KEY_UIApplicationSupportsIndirectInputEvents = YES;
				INFOPLIST_KEY_UILaunchStoryboardName = LaunchScreen;
				INFOPLIST_KEY_UIMainStoryboardFile = Main;
				INFOPLIST_KEY_UISupportedInterfaceOrientations_iPad = "UIInterfaceOrientationPortrait UIInterfaceOrientationPortraitUpsideDown UIInterfaceOrientationLandscapeLeft UIInterfaceOrientationLandscapeRight";
				INFOPLIST_KEY_UISupportedInterfaceOrientations_iPhone = "UIInterfaceOrientationPortrait UIInterfaceOrientationLandscapeLeft UIInterfaceOrientationLandscapeRight";
				LD_RUNPATH_SEARCH_PATHS = (
					"$(inherited)",
					"@executable_path/Frameworks",
				);
				MARKETING_VERSION = 1.0;
				PRODUCT_BUNDLE_IDENTIFIER = com.Sun.Media;
				PRODUCT_NAME = "$(TARGET_NAME)";
				SWIFT_EMIT_LOC_STRINGS = YES;
				SWIFT_VERSION = 5.0;
				TARGETED_DEVICE_FAMILY = "1,2";
			};
			name = Debug;
		};
		D87338222A861DB000BE6F6A /* Release */ = {
			isa = XCBuildConfiguration;
			buildSettings = {
				ASSETCATALOG_COMPILER_APPICON_NAME = AppIcon;
				ASSETCATALOG_COMPILER_GLOBAL_ACCENT_COLOR_NAME = AccentColor;
				CODE_SIGN_STYLE = Automatic;
				CURRENT_PROJECT_VERSION = 1;
				DEVELOPMENT_TEAM = AM9D6522QR;
				GENERATE_INFOPLIST_FILE = YES;
				INFOPLIST_FILE = Media/Info.plist;
				INFOPLIST_KEY_UIApplicationSupportsIndirectInputEvents = YES;
				INFOPLIST_KEY_UILaunchStoryboardName = LaunchScreen;
				INFOPLIST_KEY_UIMainStoryboardFile = Main;
				INFOPLIST_KEY_UISupportedInterfaceOrientations_iPad = "UIInterfaceOrientationPortrait UIInterfaceOrientationPortraitUpsideDown UIInterfaceOrientationLandscapeLeft UIInterfaceOrientationLandscapeRight";
				INFOPLIST_KEY_UISupportedInterfaceOrientations_iPhone = "UIInterfaceOrientationPortrait UIInterfaceOrientationLandscapeLeft UIInterfaceOrientationLandscapeRight";
				LD_RUNPATH_SEARCH_PATHS = (
					"$(inherited)",
					"@executable_path/Frameworks",
				);
				MARKETING_VERSION = 1.0;
				PRODUCT_BUNDLE_IDENTIFIER = com.Sun.Media;
				PRODUCT_NAME = "$(TARGET_NAME)";
				SWIFT_EMIT_LOC_STRINGS = YES;
				SWIFT_VERSION = 5.0;
				TARGETED_DEVICE_FAMILY = "1,2";
			};
			name = Release;
		};
/* End XCBuildConfiguration section */

/* Begin XCConfigurationList section */
		D87338072A861DAE00BE6F6A /* Build configuration list for PBXProject "Media" */ = {
			isa = XCConfigurationList;
			buildConfigurations = (
				D873381E2A861DB000BE6F6A /* Debug */,
				D873381F2A861DB000BE6F6A /* Release */,
			);
			defaultConfigurationIsVisible = 0;
			defaultConfigurationName = Release;
		};
		D87338202A861DB000BE6F6A /* Build configuration list for PBXNativeTarget "Media" */ = {
			isa = XCConfigurationList;
			buildConfigurations = (
				D87338212A861DB000BE6F6A /* Debug */,
				D87338222A861DB000BE6F6A /* Release */,
			);
			defaultConfigurationIsVisible = 0;
			defaultConfigurationName = Release;
		};
/* End XCConfigurationList section */

/* Begin XCRemoteSwiftPackageReference section */
		D873383F2A87E3B600BE6F6A /* XCRemoteSwiftPackageReference "Alamofire" */ = {
			isa = XCRemoteSwiftPackageReference;
			repositoryURL = "https://github.com/Alamofire/Alamofire";
			requirement = {
				kind = upToNextMajorVersion;
				minimumVersion = 5.0.0;
			};
		};
		D87338422A87E3C000BE6F6A /* XCRemoteSwiftPackageReference "SwiftyJSON" */ = {
			isa = XCRemoteSwiftPackageReference;
			repositoryURL = "https://github.com/SwiftyJSON/SwiftyJSON";
			requirement = {
				kind = upToNextMajorVersion;
				minimumVersion = 5.0.0;
			};
		};
		D87338452A87E3CB00BE6F6A /* XCRemoteSwiftPackageReference "Kingfisher" */ = {
			isa = XCRemoteSwiftPackageReference;
			repositoryURL = "https://github.com/onevcat/Kingfisher.git";
			requirement = {
				kind = upToNextMajorVersion;
				minimumVersion = 7.0.0;
			};
		};
		D8E3B0262A9A6C7200717539 /* XCRemoteSwiftPackageReference "SnapKit" */ = {
			isa = XCRemoteSwiftPackageReference;
			repositoryURL = "https://github.com/SnapKit/SnapKit.git";
			requirement = {
				kind = upToNextMajorVersion;
				minimumVersion = 5.0.0;
			};
		};
/* End XCRemoteSwiftPackageReference section */

/* Begin XCSwiftPackageProductDependency section */
		D87338402A87E3B600BE6F6A /* Alamofire */ = {
			isa = XCSwiftPackageProductDependency;
			package = D873383F2A87E3B600BE6F6A /* XCRemoteSwiftPackageReference "Alamofire" */;
			productName = Alamofire;
		};
		D87338432A87E3C000BE6F6A /* SwiftyJSON */ = {
			isa = XCSwiftPackageProductDependency;
			package = D87338422A87E3C000BE6F6A /* XCRemoteSwiftPackageReference "SwiftyJSON" */;
			productName = SwiftyJSON;
		};
		D87338462A87E3CB00BE6F6A /* Kingfisher */ = {
			isa = XCSwiftPackageProductDependency;
			package = D87338452A87E3CB00BE6F6A /* XCRemoteSwiftPackageReference "Kingfisher" */;
			productName = Kingfisher;
		};
		D8E3B0272A9A6C7200717539 /* SnapKit */ = {
			isa = XCSwiftPackageProductDependency;
			package = D8E3B0262A9A6C7200717539 /* XCRemoteSwiftPackageReference "SnapKit" */;
			productName = SnapKit;
		};
/* End XCSwiftPackageProductDependency section */
	};
	rootObject = D87338042A861DAE00BE6F6A /* Project object */;
}
